
Microsoft Visual Studio Solution File, Format Version 12.00
# Visual Studio Version 17
VisualStudioVersion = 17.5.33502.453
MinimumVisualStudioVersion = 10.0.40219.1
Project("{FAE04EC0-301F-11D3-BF4B-00C04F79EFBC}") = "Library", "Library.csproj", "{83D3449A-DBF3-4074-AECF-36F296BDFB74}"
EndProject
Global
	GlobalSection(SolutionConfigurationPlatforms) = preSolution
		Debug|Any CPU = Debug|Any CPU
		Release|Any CPU = Release|Any CPU
	EndGlobalSection
	GlobalSection(ProjectConfigurationPlatforms) = postSolution
		{83D3449A-DBF3-4074-AECF-36F296BDFB74}.Debug|Any CPU.ActiveCfg = Debug|Any CPU
		{83D3449A-DBF3-4074-AECF-36F296BDFB74}.Debug|Any CPU.Build.0 = Debug|Any CPU
		{83D3449A-DBF3-4074-AECF-36F296BDFB74}.Release|Any CPU.ActiveCfg = Release|Any CPU
		{83D3449A-DBF3-4074-AECF-36F296BDFB74}.Release|Any CPU.Build.0 = Release|Any CPU
	EndGlobalSection
	GlobalSection(SolutionProperties) = preSolution
		HideSolutionNode = FALSE
	EndGlobalSection
	GlobalSection(ExtensibilityGlobals) = postSolution
		SolutionGuid = {F463F910-31EC-4324-A657-53D3D98CA13C}
	EndGlobalSection
EndGlobal
